
Microsoft Visual Studio Solution File, Format Version 12.00
# Visual Studio Version 17
VisualStudioVersion = 17.0.31903.59
MinimumVisualStudioVersion = 10.0.40219.1
Project("{2150E333-8FDC-42A3-9474-1A3956D46DE8}") = "Исходники", "Исходники", "{CEA8A024-67CE-4A0F-BAC0-300336FBAC9C}"
EndProject
Project("{9A19103F-16F7-4668-BE54-9A1E7A4F7556}") = "WukongBenchAuto", "Исходники\WukongBenchAuto\WukongBenchAuto.csproj", "{D1B74D8D-4CEE-4176-B12B-23B88D1FB096}"
EndProject
Global
	GlobalSection(SolutionConfigurationPlatforms) = preSolution
		Debug|Any CPU = Debug|Any CPU
		Release|Any CPU = Release|Any CPU
	EndGlobalSection
	GlobalSection(ProjectConfigurationPlatforms) = postSolution
		{D1B74D8D-4CEE-4176-B12B-23B88D1FB096}.Debug|Any CPU.ActiveCfg = Debug|Any CPU
		{D1B74D8D-4CEE-4176-B12B-23B88D1FB096}.Debug|Any CPU.Build.0 = Debug|Any CPU
		{D1B74D8D-4CEE-4176-B12B-23B88D1FB096}.Release|Any CPU.ActiveCfg = Release|Any CPU
		{D1B74D8D-4CEE-4176-B12B-23B88D1FB096}.Release|Any CPU.Build.0 = Release|Any CPU
	EndGlobalSection
	GlobalSection(SolutionProperties) = preSolution
		HideSolutionNode = FALSE
	EndGlobalSection
	GlobalSection(NestedProjects) = preSolution
		{D1B74D8D-4CEE-4176-B12B-23B88D1FB096} = {CEA8A024-67CE-4A0F-BAC0-300336FBAC9C}
	EndGlobalSection
EndGlobal
